
Microsoft Visual Studio Solution File, Format Version 12.00
# Visual Studio Version 16
VisualStudioVersion = 16.0.29409.12
MinimumVisualStudioVersion = 10.0.40219.1
Project("{FAE04EC0-301F-11D3-BF4B-00C04F79EFBC}") = "WebServiceTutorial.Android", "WebServiceTutorial\WebServiceTutorial.Android\WebServiceTutorial.Android.csproj", "{D61609C6-AFBB-4CF5-BDC5-D17B67D864B5}"
EndProject
Project("{FAE04EC0-301F-11D3-BF4B-00C04F79EFBC}") = "WebServiceTutorial.iOS", "WebServiceTutorial\WebServiceTutorial.iOS\WebServiceTutorial.iOS.csproj", "{781D9736-8A7D-4CD3-9FB9-D541ED0478C2}"
EndProject
Project("{FAE04EC0-301F-11D3-BF4B-00C04F79EFBC}") = "WebServiceTutorial", "WebServiceTutorial\WebServiceTutorial\WebServiceTutorial.csproj", "{9816C37D-B47E-401E-92EA-22A88FCC3365}"
EndProject
Global
	GlobalSection(SolutionConfigurationPlatforms) = preSolution
		Debug|Any CPU = Debug|Any CPU
		Debug|iPhone = Debug|iPhone
		Debug|iPhoneSimulator = Debug|iPhoneSimulator
		Release|Any CPU = Release|Any CPU
		Release|iPhone = Release|iPhone
		Release|iPhoneSimulator = Release|iPhoneSimulator
	EndGlobalSection
	GlobalSection(ProjectConfigurationPlatforms) = postSolution
		{D61609C6-AFBB-4CF5-BDC5-D17B67D864B5}.Debug|Any CPU.ActiveCfg = Debug|Any CPU
		{D61609C6-AFBB-4CF5-BDC5-D17B67D864B5}.Debug|Any CPU.Build.0 = Debug|Any CPU
		{D61609C6-AFBB-4CF5-BDC5-D17B67D864B5}.Debug|Any CPU.Deploy.0 = Debug|Any CPU
		{D61609C6-AFBB-4CF5-BDC5-D17B67D864B5}.Debug|iPhone.ActiveCfg = Debug|Any CPU
		{D61609C6-AFBB-4CF5-BDC5-D17B67D864B5}.Debug|iPhone.Build.0 = Debug|Any CPU
		{D61609C6-AFBB-4CF5-BDC5-D17B67D864B5}.Debug|iPhone.Deploy.0 = Debug|Any CPU
		{D61609C6-AFBB-4CF5-BDC5-D17B67D864B5}.Debug|iPhoneSimulator.ActiveCfg = Debug|Any CPU
		{D61609C6-AFBB-4CF5-BDC5-D17B67D864B5}.Debug|iPhoneSimulator.Build.0 = Debug|Any CPU
		{D61609C6-AFBB-4CF5-BDC5-D17B67D864B5}.Debug|iPhoneSimulator.Deploy.0 = Debug|Any CPU
		{D61609C6-AFBB-4CF5-BDC5-D17B67D864B5}.Release|Any CPU.ActiveCfg = Release|Any CPU
		{D61609C6-AFBB-4CF5-BDC5-D17B67D864B5}.Release|Any CPU.Build.0 = Release|Any CPU
		{D61609C6-AFBB-4CF5-BDC5-D17B67D864B5}.Release|Any CPU.Deploy.0 = Release|Any CPU
		{D61609C6-AFBB-4CF5-BDC5-D17B67D864B5}.Release|iPhone.ActiveCfg = Release|Any CPU
		{D61609C6-AFBB-4CF5-BDC5-D17B67D864B5}.Release|iPhone.Build.0 = Release|Any CPU
		{D61609C6-AFBB-4CF5-BDC5-D17B67D864B5}.Release|iPhone.Deploy.0 = Release|Any CPU
		{D61609C6-AFBB-4CF5-BDC5-D17B67D864B5}.Release|iPhoneSimulator.ActiveCfg = Release|Any CPU
		{D61609C6-AFBB-4CF5-BDC5-D17B67D864B5}.Release|iPhoneSimulator.Build.0 = Release|Any CPU
		{D61609C6-AFBB-4CF5-BDC5-D17B67D864B5}.Release|iPhoneSimulator.Deploy.0 = Release|Any CPU
		{781D9736-8A7D-4CD3-9FB9-D541ED0478C2}.Debug|Any CPU.ActiveCfg = Debug|iPhoneSimulator
		{781D9736-8A7D-4CD3-9FB9-D541ED0478C2}.Debug|Any CPU.Build.0 = Debug|iPhoneSimulator
		{781D9736-8A7D-4CD3-9FB9-D541ED0478C2}.Debug|Any CPU.Deploy.0 = Debug|iPhoneSimulator
		{781D9736-8A7D-4CD3-9FB9-D541ED0478C2}.Debug|iPhone.ActiveCfg = Debug|iPhone
		{781D9736-8A7D-4CD3-9FB9-D541ED0478C2}.Debug|iPhone.Build.0 = Debug|iPhone
		{781D9736-8A7D-4CD3-9FB9-D541ED0478C2}.Debug|iPhone.Deploy.0 = Debug|iPhone
		{781D9736-8A7D-4CD3-9FB9-D541ED0478C2}.Debug|iPhoneSimulator.ActiveCfg = Debug|iPhoneSimulator
		{781D9736-8A7D-4CD3-9FB9-D541ED0478C2}.Debug|iPhoneSimulator.Build.0 = Debug|iPhoneSimulator
		{781D9736-8A7D-4CD3-9FB9-D541ED0478C2}.Debug|iPhoneSimulator.Deploy.0 = Debug|iPhoneSimulator
		{781D9736-8A7D-4CD3-9FB9-D541ED0478C2}.Release|Any CPU.ActiveCfg = Release|iPhone
		{781D9736-8A7D-4CD3-9FB9-D541ED0478C2}.Release|Any CPU.Build.0 = Release|iPhone
		{781D9736-8A7D-4CD3-9FB9-D541ED0478C2}.Release|Any CPU.Deploy.0 = Release|iPhone
		{781D9736-8A7D-4CD3-9FB9-D541ED0478C2}.Release|iPhone.ActiveCfg = Release|iPhone
		{781D9736-8A7D-4CD3-9FB9-D541ED0478C2}.Release|iPhone.Build.0 = Release|iPhone
		{781D9736-8A7D-4CD3-9FB9-D541ED0478C2}.Release|iPhone.Deploy.0 = Release|iPhone
		{781D9736-8A7D-4CD3-9FB9-D541ED0478C2}.Release|iPhoneSimulator.ActiveCfg = Release|iPhoneSimulator
		{781D9736-8A7D-4CD3-9FB9-D541ED0478C2}.Release|iPhoneSimulator.Build.0 = Release|iPhoneSimulator
		{781D9736-8A7D-4CD3-9FB9-D541ED0478C2}.Release|iPhoneSimulator.Deploy.0 = Release|iPhoneSimulator
		{9816C37D-B47E-401E-92EA-22A88FCC3365}.Debug|Any CPU.ActiveCfg = Debug|Any CPU
		{9816C37D-B47E-401E-92EA-22A88FCC3365}.Debug|Any CPU.Build.0 = Debug|Any CPU
		{9816C37D-B47E-401E-92EA-22A88FCC3365}.Debug|Any CPU.Deploy.0 = Debug|Any CPU
		{9816C37D-B47E-401E-92EA-22A88FCC3365}.Debug|iPhone.ActiveCfg = Debug|Any CPU
		{9816C37D-B47E-401E-92EA-22A88FCC3365}.Debug|iPhone.Build.0 = Debug|Any CPU
		{9816C37D-B47E-401E-92EA-22A88FCC3365}.Debug|iPhone.Deploy.0 = Debug|Any CPU
		{9816C37D-B47E-401E-92EA-22A88FCC3365}.Debug|iPhoneSimulator.ActiveCfg = Debug|Any CPU
		{9816C37D-B47E-401E-92EA-22A88FCC3365}.Debug|iPhoneSimulator.Build.0 = Debug|Any CPU
		{9816C37D-B47E-401E-92EA-22A88FCC3365}.Debug|iPhoneSimulator.Deploy.0 = Debug|Any CPU
		{9816C37D-B47E-401E-92EA-22A88FCC3365}.Release|Any CPU.ActiveCfg = Release|Any CPU
		{9816C37D-B47E-401E-92EA-22A88FCC3365}.Release|Any CPU.Build.0 = Release|Any CPU
		{9816C37D-B47E-401E-92EA-22A88FCC3365}.Release|Any CPU.Deploy.0 = Release|Any CPU
		{9816C37D-B47E-401E-92EA-22A88FCC3365}.Release|iPhone.ActiveCfg = Release|Any CPU
		{9816C37D-B47E-401E-92EA-22A88FCC3365}.Release|iPhone.Build.0 = Release|Any CPU
		{9816C37D-B47E-401E-92EA-22A88FCC3365}.Release|iPhone.Deploy.0 = Release|Any CPU
		{9816C37D-B47E-401E-92EA-22A88FCC3365}.Release|iPhoneSimulator.ActiveCfg = Release|Any CPU
		{9816C37D-B47E-401E-92EA-22A88FCC3365}.Release|iPhoneSimulator.Build.0 = Release|Any CPU
		{9816C37D-B47E-401E-92EA-22A88FCC3365}.Release|iPhoneSimulator.Deploy.0 = Release|Any CPU
	EndGlobalSection
	GlobalSection(SolutionProperties) = preSolution
		HideSolutionNode = FALSE
	EndGlobalSection
	GlobalSection(ExtensibilityGlobals) = postSolution
		SolutionGuid = {A48C20B7-4F7D-491A-B582-E186325E50BB}
	EndGlobalSection
EndGlobal
